
Microsoft Visual Studio Solution File, Format Version 12.00
# Visual Studio Version 16
VisualStudioVersion = 16.0.28803.156
MinimumVisualStudioVersion = 10.0.40219.1
Project("{9A19103F-16F7-4668-BE54-9A1E7A4F7556}") = "ClassLibrary1", "ClassLibrary1\ClassLibrary1.csproj", "{229540AA-B1A7-41FC-972B-5C856F86CEC1}"
EndProject
Project("{FAE04EC0-301F-11D3-BF4B-00C04F79EFBC}") = "Employees.UnitTests", "Employees.UnitTests\Employees.UnitTests.csproj", "{A7EA8A7C-06BA-4AC9-982E-5E69E095BDDC}"
EndProject
Global
	GlobalSection(SolutionConfigurationPlatforms) = preSolution
		Debug|Any CPU = Debug|Any CPU
		Release|Any CPU = Release|Any CPU
	EndGlobalSection
	GlobalSection(ProjectConfigurationPlatforms) = postSolution
		{229540AA-B1A7-41FC-972B-5C856F86CEC1}.Debug|Any CPU.ActiveCfg = Debug|Any CPU
		{229540AA-B1A7-41FC-972B-5C856F86CEC1}.Debug|Any CPU.Build.0 = Debug|Any CPU
		{229540AA-B1A7-41FC-972B-5C856F86CEC1}.Release|Any CPU.ActiveCfg = Release|Any CPU
		{229540AA-B1A7-41FC-972B-5C856F86CEC1}.Release|Any CPU.Build.0 = Release|Any CPU
		{A7EA8A7C-06BA-4AC9-982E-5E69E095BDDC}.Debug|Any CPU.ActiveCfg = Debug|Any CPU
		{A7EA8A7C-06BA-4AC9-982E-5E69E095BDDC}.Debug|Any CPU.Build.0 = Debug|Any CPU
		{A7EA8A7C-06BA-4AC9-982E-5E69E095BDDC}.Release|Any CPU.ActiveCfg = Release|Any CPU
		{A7EA8A7C-06BA-4AC9-982E-5E69E095BDDC}.Release|Any CPU.Build.0 = Release|Any CPU
	EndGlobalSection
	GlobalSection(SolutionProperties) = preSolution
		HideSolutionNode = FALSE
	EndGlobalSection
	GlobalSection(ExtensibilityGlobals) = postSolution
		SolutionGuid = {643DD3D6-C2A6-41FD-B7C6-5199E5911A6C}
	EndGlobalSection
EndGlobal
